
Microsoft Visual Studio Solution File, Format Version 12.00
# Visual Studio Version 16
VisualStudioVersion = 16.0.33027.164
MinimumVisualStudioVersion = 10.0.40219.1
Project("{888888A0-9F3D-457C-B088-3A5042F75D52}") = "video16", "video16\video16.pyproj", "{2D3A4BB1-1E39-4937-AF2C-ACEF03C945AF}"
EndProject
Global
	GlobalSection(SolutionConfigurationPlatforms) = preSolution
		Debug|Any CPU = Debug|Any CPU
		Release|Any CPU = Release|Any CPU
	EndGlobalSection
	GlobalSection(ProjectConfigurationPlatforms) = postSolution
		{2D3A4BB1-1E39-4937-AF2C-ACEF03C945AF}.Debug|Any CPU.ActiveCfg = Debug|Any CPU
		{2D3A4BB1-1E39-4937-AF2C-ACEF03C945AF}.Release|Any CPU.ActiveCfg = Release|Any CPU
	EndGlobalSection
	GlobalSection(SolutionProperties) = preSolution
		HideSolutionNode = FALSE
	EndGlobalSection
	GlobalSection(ExtensibilityGlobals) = postSolution
		SolutionGuid = {D4BDF4FD-07C8-464E-ACC6-235C5A63E85C}
	EndGlobalSection
EndGlobal
